
Microsoft Visual Studio Solution File, Format Version 12.00
# Visual Studio Version 17
VisualStudioVersion = 17.3.32901.215
MinimumVisualStudioVersion = 10.0.40219.1
Project("{9A19103F-16F7-4668-BE54-9A1E7A4F7556}") = "web-client", "web-client\web-client.csproj", "{8D5A3B62-2565-4F4A-9061-4690FE9871E7}"
EndProject
Project("{9A19103F-16F7-4668-BE54-9A1E7A4F7556}") = "server", "server\server.csproj", "{82F92633-47C5-463F-8A25-C21CAAF025B4}"
EndProject
Project("{9A19103F-16F7-4668-BE54-9A1E7A4F7556}") = "shared", "shared\shared.csproj", "{CC391EF2-DFF8-4C0B-B18B-34DA23EBAEFB}"
EndProject
Project("{FAE04EC0-301F-11D3-BF4B-00C04F79EFBC}") = "console-websocket-client", "console-websocket-client\console-websocket-client.csproj", "{C02581CB-B3AE-4D7A-B5CC-45E9087FF03B}"
EndProject
Global
	GlobalSection(SolutionConfigurationPlatforms) = preSolution
		Debug|Any CPU = Debug|Any CPU
		Release|Any CPU = Release|Any CPU
	EndGlobalSection
	GlobalSection(ProjectConfigurationPlatforms) = postSolution
		{8D5A3B62-2565-4F4A-9061-4690FE9871E7}.Debug|Any CPU.ActiveCfg = Debug|Any CPU
		{8D5A3B62-2565-4F4A-9061-4690FE9871E7}.Debug|Any CPU.Build.0 = Debug|Any CPU
		{8D5A3B62-2565-4F4A-9061-4690FE9871E7}.Release|Any CPU.ActiveCfg = Release|Any CPU
		{8D5A3B62-2565-4F4A-9061-4690FE9871E7}.Release|Any CPU.Build.0 = Release|Any CPU
		{82F92633-47C5-463F-8A25-C21CAAF025B4}.Debug|Any CPU.ActiveCfg = Debug|Any CPU
		{82F92633-47C5-463F-8A25-C21CAAF025B4}.Debug|Any CPU.Build.0 = Debug|Any CPU
		{82F92633-47C5-463F-8A25-C21CAAF025B4}.Release|Any CPU.ActiveCfg = Release|Any CPU
		{82F92633-47C5-463F-8A25-C21CAAF025B4}.Release|Any CPU.Build.0 = Release|Any CPU
		{CC391EF2-DFF8-4C0B-B18B-34DA23EBAEFB}.Debug|Any CPU.ActiveCfg = Debug|Any CPU
		{CC391EF2-DFF8-4C0B-B18B-34DA23EBAEFB}.Debug|Any CPU.Build.0 = Debug|Any CPU
		{CC391EF2-DFF8-4C0B-B18B-34DA23EBAEFB}.Release|Any CPU.ActiveCfg = Release|Any CPU
		{CC391EF2-DFF8-4C0B-B18B-34DA23EBAEFB}.Release|Any CPU.Build.0 = Release|Any CPU
		{C02581CB-B3AE-4D7A-B5CC-45E9087FF03B}.Debug|Any CPU.ActiveCfg = Debug|Any CPU
		{C02581CB-B3AE-4D7A-B5CC-45E9087FF03B}.Debug|Any CPU.Build.0 = Debug|Any CPU
		{C02581CB-B3AE-4D7A-B5CC-45E9087FF03B}.Release|Any CPU.ActiveCfg = Release|Any CPU
		{C02581CB-B3AE-4D7A-B5CC-45E9087FF03B}.Release|Any CPU.Build.0 = Release|Any CPU
	EndGlobalSection
	GlobalSection(SolutionProperties) = preSolution
		HideSolutionNode = FALSE
	EndGlobalSection
	GlobalSection(ExtensibilityGlobals) = postSolution
		SolutionGuid = {CC8CE522-CB32-46C4-B9C5-35A84E168B3E}
	EndGlobalSection
EndGlobal
